
Microsoft Visual Studio Solution File, Format Version 12.00
# Visual Studio Version 17
VisualStudioVersion = 17.2.32526.322
MinimumVisualStudioVersion = 10.0.40219.1
Project("{FAE04EC0-301F-11D3-BF4B-00C04F79EFBC}") = "RoomCalculator", "RoomCalculator\RoomCalculator.csproj", "{BE71316F-6292-4E20-A490-0AD1AAF3FDB0}"
EndProject
Global
	GlobalSection(SolutionConfigurationPlatforms) = preSolution
		Debug|Any CPU = Debug|Any CPU
		Release|Any CPU = Release|Any CPU
	EndGlobalSection
	GlobalSection(ProjectConfigurationPlatforms) = postSolution
		{BE71316F-6292-4E20-A490-0AD1AAF3FDB0}.Debug|Any CPU.ActiveCfg = Debug|Any CPU
		{BE71316F-6292-4E20-A490-0AD1AAF3FDB0}.Debug|Any CPU.Build.0 = Debug|Any CPU
		{BE71316F-6292-4E20-A490-0AD1AAF3FDB0}.Release|Any CPU.ActiveCfg = Release|Any CPU
		{BE71316F-6292-4E20-A490-0AD1AAF3FDB0}.Release|Any CPU.Build.0 = Release|Any CPU
	EndGlobalSection
	GlobalSection(SolutionProperties) = preSolution
		HideSolutionNode = FALSE
	EndGlobalSection
	GlobalSection(ExtensibilityGlobals) = postSolution
		SolutionGuid = {59B741CB-7128-40FF-9A95-7D184257F549}
	EndGlobalSection
EndGlobal
